
Microsoft Visual Studio Solution File, Format Version 12.00
Project("{2150E333-8FDC-42A3-9474-1A3956D46DE8}") = "Server", "Server", "{69A94C17-C87C-4649-B128-948B64B699F0}"
EndProject
Project("{FAE04EC0-301F-11D3-BF4B-00C04F79EFBC}") = "Entities", "Entities\Entities.csproj", "{A7DB7FAA-E392-4AA6-B0A1-1002212C3B7B}"
EndProject
Project("{2150E333-8FDC-42A3-9474-1A3956D46DE8}") = "Server", "Server", "{BD3E8876-B027-4BFA-946D-AEF58C16AA0D}"
EndProject
Project("{2150E333-8FDC-42A3-9474-1A3956D46DE8}") = "Server", "Server", "{5C8F0EFE-9E3C-4FB0-8556-75C2B1330A89}"
EndProject
Global
	GlobalSection(SolutionConfigurationPlatforms) = preSolution
		Debug|Any CPU = Debug|Any CPU
		Release|Any CPU = Release|Any CPU
	EndGlobalSection
	GlobalSection(NestedProjects) = preSolution
		{A7DB7FAA-E392-4AA6-B0A1-1002212C3B7B} = {69A94C17-C87C-4649-B128-948B64B699F0}
	EndGlobalSection
	GlobalSection(ProjectConfigurationPlatforms) = postSolution
		{A7DB7FAA-E392-4AA6-B0A1-1002212C3B7B}.Debug|Any CPU.ActiveCfg = Debug|Any CPU
		{A7DB7FAA-E392-4AA6-B0A1-1002212C3B7B}.Debug|Any CPU.Build.0 = Debug|Any CPU
		{A7DB7FAA-E392-4AA6-B0A1-1002212C3B7B}.Release|Any CPU.ActiveCfg = Release|Any CPU
		{A7DB7FAA-E392-4AA6-B0A1-1002212C3B7B}.Release|Any CPU.Build.0 = Release|Any CPU
	EndGlobalSection
EndGlobal
