
Microsoft Visual Studio Solution File, Format Version 12.00
# Visual Studio Version 17
VisualStudioVersion = 17.0.31903.59
MinimumVisualStudioVersion = 10.0.40219.1
Project("{FAE04EC0-301F-11D3-BF4B-00C04F79EFBC}") = "Entities", "Entities\Entities.csproj", "{09861540-7418-434E-BCE2-C80D7B329F37}"
EndProject
Project("{FAE04EC0-301F-11D3-BF4B-00C04F79EFBC}") = "RepositoryContracts", "RepositoryContracts\RepositoryContracts.csproj", "{8300C1D9-A076-4932-9232-BAACA6497E6D}"
EndProject
Project("{FAE04EC0-301F-11D3-BF4B-00C04F79EFBC}") = "InMemoryRepositories", "InMemoryRepositories\InMemoryRepositories.csproj", "{D62DAA13-9F00-43D6-B28A-400EF8184D6B}"
EndProject
Project("{FAE04EC0-301F-11D3-BF4B-00C04F79EFBC}") = "CLI", "CLI\CLI.csproj", "{CA62F487-29C4-4B0B-AB6B-538E8B2C7596}"
EndProject
Project("{FAE04EC0-301F-11D3-BF4B-00C04F79EFBC}") = "FileRepository", "FileRepository\FileRepository.csproj", "{3F89B975-ED80-43E7-8017-46F3389A3D16}"
EndProject
Project("{FAE04EC0-301F-11D3-BF4B-00C04F79EFBC}") = "WebApi", "WebApi\WebApi.csproj", "{EA69DEDF-83A4-407A-BE95-B4677F4777C8}"
EndProject
Global
	GlobalSection(SolutionConfigurationPlatforms) = preSolution
		Debug|Any CPU = Debug|Any CPU
		Debug|x64 = Debug|x64
		Debug|x86 = Debug|x86
		Release|Any CPU = Release|Any CPU
		Release|x64 = Release|x64
		Release|x86 = Release|x86
	EndGlobalSection
	GlobalSection(ProjectConfigurationPlatforms) = postSolution
		{09861540-7418-434E-BCE2-C80D7B329F37}.Debug|Any CPU.ActiveCfg = Debug|Any CPU
		{09861540-7418-434E-BCE2-C80D7B329F37}.Debug|Any CPU.Build.0 = Debug|Any CPU
		{09861540-7418-434E-BCE2-C80D7B329F37}.Debug|x64.ActiveCfg = Debug|Any CPU
		{09861540-7418-434E-BCE2-C80D7B329F37}.Debug|x64.Build.0 = Debug|Any CPU
		{09861540-7418-434E-BCE2-C80D7B329F37}.Debug|x86.ActiveCfg = Debug|Any CPU
		{09861540-7418-434E-BCE2-C80D7B329F37}.Debug|x86.Build.0 = Debug|Any CPU
		{09861540-7418-434E-BCE2-C80D7B329F37}.Release|Any CPU.ActiveCfg = Release|Any CPU
		{09861540-7418-434E-BCE2-C80D7B329F37}.Release|Any CPU.Build.0 = Release|Any CPU
		{09861540-7418-434E-BCE2-C80D7B329F37}.Release|x64.ActiveCfg = Release|Any CPU
		{09861540-7418-434E-BCE2-C80D7B329F37}.Release|x64.Build.0 = Release|Any CPU
		{09861540-7418-434E-BCE2-C80D7B329F37}.Release|x86.ActiveCfg = Release|Any CPU
		{09861540-7418-434E-BCE2-C80D7B329F37}.Release|x86.Build.0 = Release|Any CPU
		{8300C1D9-A076-4932-9232-BAACA6497E6D}.Debug|Any CPU.ActiveCfg = Debug|Any CPU
		{8300C1D9-A076-4932-9232-BAACA6497E6D}.Debug|Any CPU.Build.0 = Debug|Any CPU
		{8300C1D9-A076-4932-9232-BAACA6497E6D}.Debug|x64.ActiveCfg = Debug|Any CPU
		{8300C1D9-A076-4932-9232-BAACA6497E6D}.Debug|x64.Build.0 = Debug|Any CPU
		{8300C1D9-A076-4932-9232-BAACA6497E6D}.Debug|x86.ActiveCfg = Debug|Any CPU
		{8300C1D9-A076-4932-9232-BAACA6497E6D}.Debug|x86.Build.0 = Debug|Any CPU
		{8300C1D9-A076-4932-9232-BAACA6497E6D}.Release|Any CPU.ActiveCfg = Release|Any CPU
		{8300C1D9-A076-4932-9232-BAACA6497E6D}.Release|Any CPU.Build.0 = Release|Any CPU
		{8300C1D9-A076-4932-9232-BAACA6497E6D}.Release|x64.ActiveCfg = Release|Any CPU
		{8300C1D9-A076-4932-9232-BAACA6497E6D}.Release|x64.Build.0 = Release|Any CPU
		{8300C1D9-A076-4932-9232-BAACA6497E6D}.Release|x86.ActiveCfg = Release|Any CPU
		{8300C1D9-A076-4932-9232-BAACA6497E6D}.Release|x86.Build.0 = Release|Any CPU
		{D62DAA13-9F00-43D6-B28A-400EF8184D6B}.Debug|Any CPU.ActiveCfg = Debug|Any CPU
		{D62DAA13-9F00-43D6-B28A-400EF8184D6B}.Debug|Any CPU.Build.0 = Debug|Any CPU
		{D62DAA13-9F00-43D6-B28A-400EF8184D6B}.Debug|x64.ActiveCfg = Debug|Any CPU
		{D62DAA13-9F00-43D6-B28A-400EF8184D6B}.Debug|x64.Build.0 = Debug|Any CPU
		{D62DAA13-9F00-43D6-B28A-400EF8184D6B}.Debug|x86.ActiveCfg = Debug|Any CPU
		{D62DAA13-9F00-43D6-B28A-400EF8184D6B}.Debug|x86.Build.0 = Debug|Any CPU
		{D62DAA13-9F00-43D6-B28A-400EF8184D6B}.Release|Any CPU.ActiveCfg = Release|Any CPU
		{D62DAA13-9F00-43D6-B28A-400EF8184D6B}.Release|Any CPU.Build.0 = Release|Any CPU
		{D62DAA13-9F00-43D6-B28A-400EF8184D6B}.Release|x64.ActiveCfg = Release|Any CPU
		{D62DAA13-9F00-43D6-B28A-400EF8184D6B}.Release|x64.Build.0 = Release|Any CPU
		{D62DAA13-9F00-43D6-B28A-400EF8184D6B}.Release|x86.ActiveCfg = Release|Any CPU
		{D62DAA13-9F00-43D6-B28A-400EF8184D6B}.Release|x86.Build.0 = Release|Any CPU
		{CA62F487-29C4-4B0B-AB6B-538E8B2C7596}.Debug|Any CPU.ActiveCfg = Debug|Any CPU
		{CA62F487-29C4-4B0B-AB6B-538E8B2C7596}.Debug|Any CPU.Build.0 = Debug|Any CPU
		{CA62F487-29C4-4B0B-AB6B-538E8B2C7596}.Debug|x64.ActiveCfg = Debug|Any CPU
		{CA62F487-29C4-4B0B-AB6B-538E8B2C7596}.Debug|x64.Build.0 = Debug|Any CPU
		{CA62F487-29C4-4B0B-AB6B-538E8B2C7596}.Debug|x86.ActiveCfg = Debug|Any CPU
		{CA62F487-29C4-4B0B-AB6B-538E8B2C7596}.Debug|x86.Build.0 = Debug|Any CPU
		{CA62F487-29C4-4B0B-AB6B-538E8B2C7596}.Release|Any CPU.ActiveCfg = Release|Any CPU
		{CA62F487-29C4-4B0B-AB6B-538E8B2C7596}.Release|Any CPU.Build.0 = Release|Any CPU
		{CA62F487-29C4-4B0B-AB6B-538E8B2C7596}.Release|x64.ActiveCfg = Release|Any CPU
		{CA62F487-29C4-4B0B-AB6B-538E8B2C7596}.Release|x64.Build.0 = Release|Any CPU
		{CA62F487-29C4-4B0B-AB6B-538E8B2C7596}.Release|x86.ActiveCfg = Release|Any CPU
		{CA62F487-29C4-4B0B-AB6B-538E8B2C7596}.Release|x86.Build.0 = Release|Any CPU
		{3F89B975-ED80-43E7-8017-46F3389A3D16}.Debug|Any CPU.ActiveCfg = Debug|Any CPU
		{3F89B975-ED80-43E7-8017-46F3389A3D16}.Debug|Any CPU.Build.0 = Debug|Any CPU
		{3F89B975-ED80-43E7-8017-46F3389A3D16}.Debug|x64.ActiveCfg = Debug|Any CPU
		{3F89B975-ED80-43E7-8017-46F3389A3D16}.Debug|x64.Build.0 = Debug|Any CPU
		{3F89B975-ED80-43E7-8017-46F3389A3D16}.Debug|x86.ActiveCfg = Debug|Any CPU
		{3F89B975-ED80-43E7-8017-46F3389A3D16}.Debug|x86.Build.0 = Debug|Any CPU
		{3F89B975-ED80-43E7-8017-46F3389A3D16}.Release|Any CPU.ActiveCfg = Release|Any CPU
		{3F89B975-ED80-43E7-8017-46F3389A3D16}.Release|Any CPU.Build.0 = Release|Any CPU
		{3F89B975-ED80-43E7-8017-46F3389A3D16}.Release|x64.ActiveCfg = Release|Any CPU
		{3F89B975-ED80-43E7-8017-46F3389A3D16}.Release|x64.Build.0 = Release|Any CPU
		{3F89B975-ED80-43E7-8017-46F3389A3D16}.Release|x86.ActiveCfg = Release|Any CPU
		{3F89B975-ED80-43E7-8017-46F3389A3D16}.Release|x86.Build.0 = Release|Any CPU
		{EA69DEDF-83A4-407A-BE95-B4677F4777C8}.Debug|Any CPU.ActiveCfg = Debug|Any CPU
		{EA69DEDF-83A4-407A-BE95-B4677F4777C8}.Debug|Any CPU.Build.0 = Debug|Any CPU
		{EA69DEDF-83A4-407A-BE95-B4677F4777C8}.Debug|x64.ActiveCfg = Debug|Any CPU
		{EA69DEDF-83A4-407A-BE95-B4677F4777C8}.Debug|x64.Build.0 = Debug|Any CPU
		{EA69DEDF-83A4-407A-BE95-B4677F4777C8}.Debug|x86.ActiveCfg = Debug|Any CPU
		{EA69DEDF-83A4-407A-BE95-B4677F4777C8}.Debug|x86.Build.0 = Debug|Any CPU
		{EA69DEDF-83A4-407A-BE95-B4677F4777C8}.Release|Any CPU.ActiveCfg = Release|Any CPU
		{EA69DEDF-83A4-407A-BE95-B4677F4777C8}.Release|Any CPU.Build.0 = Release|Any CPU
		{EA69DEDF-83A4-407A-BE95-B4677F4777C8}.Release|x64.ActiveCfg = Release|Any CPU
		{EA69DEDF-83A4-407A-BE95-B4677F4777C8}.Release|x64.Build.0 = Release|Any CPU
		{EA69DEDF-83A4-407A-BE95-B4677F4777C8}.Release|x86.ActiveCfg = Release|Any CPU
		{EA69DEDF-83A4-407A-BE95-B4677F4777C8}.Release|x86.Build.0 = Release|Any CPU
	EndGlobalSection
	GlobalSection(SolutionProperties) = preSolution
		HideSolutionNode = FALSE
	EndGlobalSection
EndGlobal
